
Microsoft Visual Studio Solution File, Format Version 12.00
# Visual Studio 15
VisualStudioVersion = 15.0.28010.2046
MinimumVisualStudioVersion = 10.0.40219.1
Project("{FAE04EC0-301F-11D3-BF4B-00C04F79EFBC}") = "eBayInventory", "eBayInventory\eBayInventory.csproj", "{0671CD31-6F69-4EFD-9D09-01E1AA9BC37E}"
EndProject
Global
	GlobalSection(SolutionConfigurationPlatforms) = preSolution
		Debug|Any CPU = Debug|Any CPU
		Release|Any CPU = Release|Any CPU
	EndGlobalSection
	GlobalSection(ProjectConfigurationPlatforms) = postSolution
		{0671CD31-6F69-4EFD-9D09-01E1AA9BC37E}.Debug|Any CPU.ActiveCfg = Debug|Any CPU
		{0671CD31-6F69-4EFD-9D09-01E1AA9BC37E}.Debug|Any CPU.Build.0 = Debug|Any CPU
		{0671CD31-6F69-4EFD-9D09-01E1AA9BC37E}.Release|Any CPU.ActiveCfg = Release|Any CPU
		{0671CD31-6F69-4EFD-9D09-01E1AA9BC37E}.Release|Any CPU.Build.0 = Release|Any CPU
	EndGlobalSection
	GlobalSection(SolutionProperties) = preSolution
		HideSolutionNode = FALSE
	EndGlobalSection
	GlobalSection(ExtensibilityGlobals) = postSolution
		SolutionGuid = {F378AED4-D517-4375-B413-E14CC0642CB8}
	EndGlobalSection
EndGlobal
